
Microsoft Visual Studio Solution File, Format Version 12.00
# Visual Studio 15
VisualStudioVersion = 15.0.28307.489
MinimumVisualStudioVersion = 10.0.40219.1
Project("{FAE04EC0-301F-11D3-BF4B-00C04F79EFBC}") = "RandomGift", "RandomGift\RandomGift.csproj", "{BBBF7426-2AC2-467B-8FE1-F84EDD4319C5}"
EndProject
Global
	GlobalSection(SolutionConfigurationPlatforms) = preSolution
		Debug|Any CPU = Debug|Any CPU
		Release|Any CPU = Release|Any CPU
	EndGlobalSection
	GlobalSection(ProjectConfigurationPlatforms) = postSolution
		{BBBF7426-2AC2-467B-8FE1-F84EDD4319C5}.Debug|Any CPU.ActiveCfg = Debug|Any CPU
		{BBBF7426-2AC2-467B-8FE1-F84EDD4319C5}.Debug|Any CPU.Build.0 = Debug|Any CPU
		{BBBF7426-2AC2-467B-8FE1-F84EDD4319C5}.Release|Any CPU.ActiveCfg = Release|Any CPU
		{BBBF7426-2AC2-467B-8FE1-F84EDD4319C5}.Release|Any CPU.Build.0 = Release|Any CPU
	EndGlobalSection
	GlobalSection(SolutionProperties) = preSolution
		HideSolutionNode = FALSE
	EndGlobalSection
	GlobalSection(ExtensibilityGlobals) = postSolution
		SolutionGuid = {A2C0DA18-621E-4D0C-954C-8D0C9F7C873B}
	EndGlobalSection
EndGlobal
